// !$*UTF8*$!
{
	archiveVersion = 1;
	classes = {
	};
	objectVersion = 50;
	objects = {

/* Begin PBXBuildFile section */
		2B00E93725061DAC000E2845 /* GIQuaternion.cpp in Sources */ = {isa = PBXBuildFile; fileRef = 2B00E93525061DAC000E2845 /* GIQuaternion.cpp */; };
		2B379C6B24FCD62500A8D8A1 /* GIMatrix4x4f.cpp in Sources */ = {isa = PBXBuildFile; fileRef = 2B379C6924FCD62500A8D8A1 /* GIMatrix4x4f.cpp */; };
		2B58F50A24E264E200B33D07 /* Draw2d.cpp in Sources */ = {isa = PBXBuildFile; fileRef = 2B58F50824E264E200B33D07 /* Draw2d.cpp */; };
		2B64D29524E53B7800790A38 /* GMColor.cpp in Sources */ = {isa = PBXBuildFile; fileRef = 2B64D29324E53B7800790A38 /* GMColor.cpp */; };
		2B6E2F8C24E28E67000032B8 /* Mesh.cpp in Sources */ = {isa = PBXBuildFile; fileRef = 2B6E2F8A24E28E67000032B8 /* Mesh.cpp */; };
		2B6E2F8F24E2C5EB000032B8 /* lib in Frameworks */ = {isa = PBXBuildFile; fileRef = 2B6E2F8E24E2C5EB000032B8 /* lib */; };
		2B8814EF24DF9835004E4B7B /* tgaimage.cpp in Sources */ = {isa = PBXBuildFile; fileRef = 2B8814ED24DF9835004E4B7B /* tgaimage.cpp */; };
		2B8A522F24F942C400E8247B /* GIMatrix3x3.cpp in Sources */ = {isa = PBXBuildFile; fileRef = 2B8A522D24F942C400E8247B /* GIMatrix3x3.cpp */; };
		2BA9CB0324E4EA9B002A798F /* libglfw3.a in Frameworks */ = {isa = PBXBuildFile; fileRef = 2BA9CB0224E4EA9B002A798F /* libglfw3.a */; };
		2BA9CB0524E51298002A798F /* Cocoa.framework in Frameworks */ = {isa = PBXBuildFile; fileRef = 2BA9CB0424E51297002A798F /* Cocoa.framework */; };
		2BA9CB0724E512A2002A798F /* IOKit.framework in Frameworks */ = {isa = PBXBuildFile; fileRef = 2BA9CB0624E512A2002A798F /* IOKit.framework */; };
		2BA9CB0924E512A9002A798F /* CoreVideo.framework in Frameworks */ = {isa = PBXBuildFile; fileRef = 2BA9CB0824E512A9002A798F /* CoreVideo.framework */; };
		2BA9CB0C24E5291F002A798F /* FrameBuffer.cpp in Sources */ = {isa = PBXBuildFile; fileRef = 2BA9CB0A24E5291F002A798F /* FrameBuffer.cpp */; };
		2BE1247124E4DD090090F1A9 /* OpenGL.framework in Frameworks */ = {isa = PBXBuildFile; fileRef = 2BE1246F24E4DD090090F1A9 /* OpenGL.framework */; };
		2BE1247224E4DD090090F1A9 /* GLUT.framework in Frameworks */ = {isa = PBXBuildFile; fileRef = 2BE1247024E4DD090090F1A9 /* GLUT.framework */; };
		2BFCCF4424DC3BAD00702712 /* main.cpp in Sources */ = {isa = PBXBuildFile; fileRef = 2BFCCF4324DC3BAD00702712 /* main.cpp */; };
/* End PBXBuildFile section */

/* Begin PBXCopyFilesBuildPhase section */
		2BFCCF3E24DC3BAD00702712 /* CopyFiles */ = {
			isa = PBXCopyFilesBuildPhase;
			buildActionMask = 2147483647;
			dstPath = /usr/share/man/man1/;
			dstSubfolderSpec = 0;
			files = (
			);
			runOnlyForDeploymentPostprocessing = 1;
		};
/* End PBXCopyFilesBuildPhase section */

/* Begin PBXFileReference section */
		2B00E93525061DAC000E2845 /* GIQuaternion.cpp */ = {isa = PBXFileReference; lastKnownFileType = sourcecode.cpp.cpp; path = GIQuaternion.cpp; sourceTree = "<group>"; };
		2B00E93625061DAC000E2845 /* GIQuaternion.h */ = {isa = PBXFileReference; lastKnownFileType = sourcecode.c.h; path = GIQuaternion.h; sourceTree = "<group>"; };
		2B379C6924FCD62500A8D8A1 /* GIMatrix4x4f.cpp */ = {isa = PBXFileReference; lastKnownFileType = sourcecode.cpp.cpp; path = GIMatrix4x4f.cpp; sourceTree = "<group>"; };
		2B379C6A24FCD62500A8D8A1 /* GIMatrix4x4f.h */ = {isa = PBXFileReference; lastKnownFileType = sourcecode.c.h; path = GIMatrix4x4f.h; sourceTree = "<group>"; };
		2B58F4E924E0047600B33D07 /* GIVector2.h */ = {isa = PBXFileReference; lastKnownFileType = sourcecode.c.h; path = GIVector2.h; sourceTree = "<group>"; };
		2B58F4F124E0F31B00B33D07 /* GIVector3.h */ = {isa = PBXFileReference; lastKnownFileType = sourcecode.c.h; path = GIVector3.h; sourceTree = "<group>"; };
		2B58F50824E264E200B33D07 /* Draw2d.cpp */ = {isa = PBXFileReference; lastKnownFileType = sourcecode.cpp.cpp; path = Draw2d.cpp; sourceTree = "<group>"; };
		2B58F50924E264E200B33D07 /* Draw2d.h */ = {isa = PBXFileReference; lastKnownFileType = sourcecode.c.h; path = Draw2d.h; sourceTree = "<group>"; };
		2B64D29324E53B7800790A38 /* GMColor.cpp */ = {isa = PBXFileReference; lastKnownFileType = sourcecode.cpp.cpp; path = GMColor.cpp; sourceTree = "<group>"; };
		2B64D29424E53B7800790A38 /* GIColor.h */ = {isa = PBXFileReference; lastKnownFileType = sourcecode.c.h; path = GIColor.h; sourceTree = "<group>"; };
		2B6E2F8A24E28E67000032B8 /* Mesh.cpp */ = {isa = PBXFileReference; lastKnownFileType = sourcecode.cpp.cpp; path = Mesh.cpp; sourceTree = "<group>"; };
		2B6E2F8B24E28E67000032B8 /* Mesh.h */ = {isa = PBXFileReference; lastKnownFileType = sourcecode.c.h; path = Mesh.h; sourceTree = "<group>"; };
		2B6E2F8E24E2C5EB000032B8 /* lib */ = {isa = PBXFileReference; lastKnownFileType = folder; name = lib; path = ../../../../../usr/local/Cellar/glfw/3.3.2/lib; sourceTree = "<group>"; };
		2B6E2F9024E2C60F000032B8 /* lib */ = {isa = PBXFileReference; lastKnownFileType = folder; name = lib; path = ../../../../../usr/local/Cellar/glew/2.1.0_1/lib; sourceTree = "<group>"; };
		2B7BE17825022288002026C6 /* GIVector4.h */ = {isa = PBXFileReference; lastKnownFileType = sourcecode.c.h; path = GIVector4.h; sourceTree = "<group>"; };
		2B8814ED24DF9835004E4B7B /* tgaimage.cpp */ = {isa = PBXFileReference; lastKnownFileType = sourcecode.cpp.cpp; path = tgaimage.cpp; sourceTree = "<group>"; };
		2B8814EE24DF9835004E4B7B /* tgaimage.h */ = {isa = PBXFileReference; lastKnownFileType = sourcecode.c.h; path = tgaimage.h; sourceTree = "<group>"; };
		2B8A522624F82A3000E8247B /* GIType.h */ = {isa = PBXFileReference; lastKnownFileType = sourcecode.c.h; path = GIType.h; sourceTree = "<group>"; };
		2B8A522D24F942C400E8247B /* GIMatrix3x3.cpp */ = {isa = PBXFileReference; lastKnownFileType = sourcecode.cpp.cpp; path = GIMatrix3x3.cpp; sourceTree = "<group>"; };
		2B8A522E24F942C400E8247B /* GIMatrix3x3.h */ = {isa = PBXFileReference; lastKnownFileType = sourcecode.c.h; path = GIMatrix3x3.h; sourceTree = "<group>"; };
		2BA9CB0024E4EA70002A798F /* libGLEW.a */ = {isa = PBXFileReference; lastKnownFileType = archive.ar; name = libGLEW.a; path = ../../../../../usr/local/Cellar/glew/2.1.0_1/lib/libGLEW.a; sourceTree = "<group>"; };
		2BA9CB0224E4EA9B002A798F /* libglfw3.a */ = {isa = PBXFileReference; lastKnownFileType = archive.ar; name = libglfw3.a; path = ../../../../../usr/local/Cellar/glfw/3.3.2/lib/libglfw3.a; sourceTree = "<group>"; };
		2BA9CB0424E51297002A798F /* Cocoa.framework */ = {isa = PBXFileReference; lastKnownFileType = wrapper.framework; name = Cocoa.framework; path = System/Library/Frameworks/Cocoa.framework; sourceTree = SDKROOT; };
		2BA9CB0624E512A2002A798F /* IOKit.framework */ = {isa = PBXFileReference; lastKnownFileType = wrapper.framework; name = IOKit.framework; path = System/Library/Frameworks/IOKit.framework; sourceTree = SDKROOT; };
		2BA9CB0824E512A9002A798F /* CoreVideo.framework */ = {isa = PBXFileReference; lastKnownFileType = wrapper.framework; name = CoreVideo.framework; path = System/Library/Frameworks/CoreVideo.framework; sourceTree = SDKROOT; };
		2BA9CB0A24E5291F002A798F /* FrameBuffer.cpp */ = {isa = PBXFileReference; lastKnownFileType = sourcecode.cpp.cpp; path = FrameBuffer.cpp; sourceTree = "<group>"; };
		2BA9CB0B24E5291F002A798F /* FrameBuffer.h */ = {isa = PBXFileReference; lastKnownFileType = sourcecode.c.h; path = FrameBuffer.h; sourceTree = "<group>"; };
		2BE1246F24E4DD090090F1A9 /* OpenGL.framework */ = {isa = PBXFileReference; lastKnownFileType = wrapper.framework; name = OpenGL.framework; path = System/Library/Frameworks/OpenGL.framework; sourceTree = SDKROOT; };
		2BE1247024E4DD090090F1A9 /* GLUT.framework */ = {isa = PBXFileReference; lastKnownFileType = wrapper.framework; name = GLUT.framework; path = System/Library/Frameworks/GLUT.framework; sourceTree = SDKROOT; };
		2BFCCF4024DC3BAD00702712 /* SoftRender */ = {isa = PBXFileReference; explicitFileType = "compiled.mach-o.executable"; includeInIndex = 0; path = SoftRender; sourceTree = BUILT_PRODUCTS_DIR; };
		2BFCCF4324DC3BAD00702712 /* main.cpp */ = {isa = PBXFileReference; lastKnownFileType = sourcecode.cpp.cpp; path = main.cpp; sourceTree = "<group>"; };
/* End PBXFileReference section */

/* Begin PBXFrameworksBuildPhase section */
		2BFCCF3D24DC3BAD00702712 /* Frameworks */ = {
			isa = PBXFrameworksBuildPhase;
			buildActionMask = 2147483647;
			files = (
				2BA9CB0924E512A9002A798F /* CoreVideo.framework in Frameworks */,
				2BA9CB0724E512A2002A798F /* IOKit.framework in Frameworks */,
				2BA9CB0524E51298002A798F /* Cocoa.framework in Frameworks */,
				2BA9CB0324E4EA9B002A798F /* libglfw3.a in Frameworks */,
				2BE1247124E4DD090090F1A9 /* OpenGL.framework in Frameworks */,
				2BE1247224E4DD090090F1A9 /* GLUT.framework in Frameworks */,
				2B6E2F8F24E2C5EB000032B8 /* lib in Frameworks */,
			);
			runOnlyForDeploymentPostprocessing = 0;
		};
/* End PBXFrameworksBuildPhase section */

/* Begin PBXGroup section */
		2B58F4EC24E0090200B33D07 /* GiamMath */ = {
			isa = PBXGroup;
			children = (
				2B58F4EE24E0091C00B33D07 /* inc */,
				2B58F4ED24E0090A00B33D07 /* src */,
			);
			path = GiamMath;
			sourceTree = "<group>";
		};
		2B58F4ED24E0090A00B33D07 /* src */ = {
			isa = PBXGroup;
			children = (
				2B64D29324E53B7800790A38 /* GMColor.cpp */,
				2B00E93525061DAC000E2845 /* GIQuaternion.cpp */,
				2B379C6924FCD62500A8D8A1 /* GIMatrix4x4f.cpp */,
				2B8A522D24F942C400E8247B /* GIMatrix3x3.cpp */,
			);
			path = src;
			sourceTree = "<group>";
		};
		2B58F4EE24E0091C00B33D07 /* inc */ = {
			isa = PBXGroup;
			children = (
				2B58F4E924E0047600B33D07 /* GIVector2.h */,
				2B58F4F124E0F31B00B33D07 /* GIVector3.h */,
				2B64D29424E53B7800790A38 /* GIColor.h */,
				2B8A522624F82A3000E8247B /* GIType.h */,
				2B8A522E24F942C400E8247B /* GIMatrix3x3.h */,
				2B379C6A24FCD62500A8D8A1 /* GIMatrix4x4f.h */,
				2B7BE17825022288002026C6 /* GIVector4.h */,
				2B00E93625061DAC000E2845 /* GIQuaternion.h */,
			);
			path = inc;
			sourceTree = "<group>";
		};
		2B58F4EF24E0094700B33D07 /* core */ = {
			isa = PBXGroup;
			children = (
				2B58F50C24E264EE00B33D07 /* inc */,
				2B58F50B24E264E900B33D07 /* src */,
				2BFCCF4324DC3BAD00702712 /* main.cpp */,
			);
			path = core;
			sourceTree = "<group>";
		};
		2B58F50B24E264E900B33D07 /* src */ = {
			isa = PBXGroup;
			children = (
				2BA9CB0A24E5291F002A798F /* FrameBuffer.cpp */,
				2B58F50824E264E200B33D07 /* Draw2d.cpp */,
				2B6E2F8A24E28E67000032B8 /* Mesh.cpp */,
			);
			path = src;
			sourceTree = "<group>";
		};
		2B58F50C24E264EE00B33D07 /* inc */ = {
			isa = PBXGroup;
			children = (
				2B58F50924E264E200B33D07 /* Draw2d.h */,
				2B6E2F8B24E28E67000032B8 /* Mesh.h */,
				2BA9CB0B24E5291F002A798F /* FrameBuffer.h */,
			);
			path = inc;
			sourceTree = "<group>";
		};
		2B6E2F8D24E2C5EB000032B8 /* Frameworks */ = {
			isa = PBXGroup;
			children = (
				2BA9CB0824E512A9002A798F /* CoreVideo.framework */,
				2BA9CB0624E512A2002A798F /* IOKit.framework */,
				2BA9CB0424E51297002A798F /* Cocoa.framework */,
				2BA9CB0224E4EA9B002A798F /* libglfw3.a */,
				2BA9CB0024E4EA70002A798F /* libGLEW.a */,
				2BE1247024E4DD090090F1A9 /* GLUT.framework */,
				2BE1246F24E4DD090090F1A9 /* OpenGL.framework */,
				2B6E2F9024E2C60F000032B8 /* lib */,
				2B6E2F8E24E2C5EB000032B8 /* lib */,
			);
			name = Frameworks;
			sourceTree = "<group>";
		};
		2BFCCF3724DC3BAD00702712 = {
			isa = PBXGroup;
			children = (
				2BFCCF4224DC3BAD00702712 /* SoftRender */,
				2BFCCF4124DC3BAD00702712 /* Products */,
				2B6E2F8D24E2C5EB000032B8 /* Frameworks */,
			);
			sourceTree = "<group>";
		};
		2BFCCF4124DC3BAD00702712 /* Products */ = {
			isa = PBXGroup;
			children = (
				2BFCCF4024DC3BAD00702712 /* SoftRender */,
			);
			name = Products;
			sourceTree = "<group>";
		};
		2BFCCF4224DC3BAD00702712 /* SoftRender */ = {
			isa = PBXGroup;
			children = (
				2B58F4EF24E0094700B33D07 /* core */,
				2B58F4EC24E0090200B33D07 /* GiamMath */,
				2B8814ED24DF9835004E4B7B /* tgaimage.cpp */,
				2B8814EE24DF9835004E4B7B /* tgaimage.h */,
			);
			path = SoftRender;
			sourceTree = "<group>";
		};
/* End PBXGroup section */

/* Begin PBXNativeTarget section */
		2BFCCF3F24DC3BAD00702712 /* SoftRender */ = {
			isa = PBXNativeTarget;
			buildConfigurationList = 2BFCCF4724DC3BAD00702712 /* Build configuration list for PBXNativeTarget "SoftRender" */;
			buildPhases = (
				2BFCCF3C24DC3BAD00702712 /* Sources */,
				2BFCCF3D24DC3BAD00702712 /* Frameworks */,
				2BFCCF3E24DC3BAD00702712 /* CopyFiles */,
			);
			buildRules = (
			);
			dependencies = (
			);
			name = SoftRender;
			productName = SoftRender;
			productReference = 2BFCCF4024DC3BAD00702712 /* SoftRender */;
			productType = "com.apple.product-type.tool";
		};
/* End PBXNativeTarget section */

/* Begin PBXProject section */
		2BFCCF3824DC3BAD00702712 /* Project object */ = {
			isa = PBXProject;
			attributes = {
				LastUpgradeCheck = 1150;
				ORGANIZATIONNAME = bytedance;
				TargetAttributes = {
					2BFCCF3F24DC3BAD00702712 = {
						CreatedOnToolsVersion = 11.5;
					};
				};
			};
			buildConfigurationList = 2BFCCF3B24DC3BAD00702712 /* Build configuration list for PBXProject "SoftRender" */;
			compatibilityVersion = "Xcode 9.3";
			developmentRegion = en;
			hasScannedForEncodings = 0;
			knownRegions = (
				en,
				Base,
			);
			mainGroup = 2BFCCF3724DC3BAD00702712;
			productRefGroup = 2BFCCF4124DC3BAD00702712 /* Products */;
			projectDirPath = "";
			projectRoot = "";
			targets = (
				2BFCCF3F24DC3BAD00702712 /* SoftRender */,
			);
		};
/* End PBXProject section */

/* Begin PBXSourcesBuildPhase section */
		2BFCCF3C24DC3BAD00702712 /* Sources */ = {
			isa = PBXSourcesBuildPhase;
			buildActionMask = 2147483647;
			files = (
				2B8814EF24DF9835004E4B7B /* tgaimage.cpp in Sources */,
				2BFCCF4424DC3BAD00702712 /* main.cpp in Sources */,
				2BA9CB0C24E5291F002A798F /* FrameBuffer.cpp in Sources */,
				2B6E2F8C24E28E67000032B8 /* Mesh.cpp in Sources */,
				2B64D29524E53B7800790A38 /* GMColor.cpp in Sources */,
				2B379C6B24FCD62500A8D8A1 /* GIMatrix4x4f.cpp in Sources */,
				2B8A522F24F942C400E8247B /* GIMatrix3x3.cpp in Sources */,
				2B58F50A24E264E200B33D07 /* Draw2d.cpp in Sources */,
				2B00E93725061DAC000E2845 /* GIQuaternion.cpp in Sources */,
			);
			runOnlyForDeploymentPostprocessing = 0;
		};
/* End PBXSourcesBuildPhase section */

/* Begin XCBuildConfiguration section */
		2BFCCF4524DC3BAD00702712 /* Debug */ = {
			isa = XCBuildConfiguration;
			buildSettings = {
				ALWAYS_SEARCH_USER_PATHS = NO;
				CLANG_ANALYZER_NONNULL = YES;
				CLANG_ANALYZER_NUMBER_OBJECT_CONVERSION = YES_AGGRESSIVE;
				CLANG_CXX_LANGUAGE_STANDARD = "gnu++14";
				CLANG_CXX_LIBRARY = "libc++";
				CLANG_ENABLE_MODULES = YES;
				CLANG_ENABLE_OBJC_ARC = YES;
				CLANG_ENABLE_OBJC_WEAK = YES;
				CLANG_WARN_BLOCK_CAPTURE_AUTORELEASING = YES;
				CLANG_WARN_BOOL_CONVERSION = YES;
				CLANG_WARN_COMMA = YES;
				CLANG_WARN_CONSTANT_CONVERSION = YES;
				CLANG_WARN_DEPRECATED_OBJC_IMPLEMENTATIONS = YES;
				CLANG_WARN_DIRECT_OBJC_ISA_USAGE = YES_ERROR;
				CLANG_WARN_DOCUMENTATION_COMMENTS = YES;
				CLANG_WARN_EMPTY_BODY = YES;
				CLANG_WARN_ENUM_CONVERSION = YES;
				CLANG_WARN_INFINITE_RECURSION = YES;
				CLANG_WARN_INT_CONVERSION = YES;
				CLANG_WARN_NON_LITERAL_NULL_CONVERSION = YES;
				CLANG_WARN_OBJC_IMPLICIT_RETAIN_SELF = YES;
				CLANG_WARN_OBJC_LITERAL_CONVERSION = YES;
				CLANG_WARN_OBJC_ROOT_CLASS = YES_ERROR;
				CLANG_WARN_RANGE_LOOP_ANALYSIS = YES;
				CLANG_WARN_STRICT_PROTOTYPES = YES;
				CLANG_WARN_SUSPICIOUS_MOVE = YES;
				CLANG_WARN_UNGUARDED_AVAILABILITY = YES_AGGRESSIVE;
				CLANG_WARN_UNREACHABLE_CODE = YES;
				CLANG_WARN__DUPLICATE_METHOD_MATCH = YES;
				COPY_PHASE_STRIP = NO;
				DEBUG_INFORMATION_FORMAT = dwarf;
				ENABLE_STRICT_OBJC_MSGSEND = YES;
				ENABLE_TESTABILITY = YES;
				GCC_C_LANGUAGE_STANDARD = gnu11;
				GCC_DYNAMIC_NO_PIC = NO;
				GCC_NO_COMMON_BLOCKS = YES;
				GCC_OPTIMIZATION_LEVEL = 0;
				GCC_PREPROCESSOR_DEFINITIONS = (
					"DEBUG=1",
					"$(inherited)",
				);
				GCC_WARN_64_TO_32_BIT_CONVERSION = YES;
				GCC_WARN_ABOUT_RETURN_TYPE = YES_ERROR;
				GCC_WARN_UNDECLARED_SELECTOR = YES;
				GCC_WARN_UNINITIALIZED_AUTOS = YES_AGGRESSIVE;
				GCC_WARN_UNUSED_FUNCTION = YES;
				GCC_WARN_UNUSED_VARIABLE = YES;
				"HEADER_SEARCH_PATHS[arch=*]" = (
					/usr/local/Cellar/glfw/3.3.2/include,
					/usr/local/Cellar/glew/2.1.0_1/include,
				);
				"LIBRARY_SEARCH_PATHS[arch=*]" = (
					/usr/local/Cellar/glfw/3.3.2/lib,
					/usr/local/Cellar/glew/2.1.0_1/lib,
				);
				MACOSX_DEPLOYMENT_TARGET = 10.15;
				MTL_ENABLE_DEBUG_INFO = INCLUDE_SOURCE;
				MTL_FAST_MATH = YES;
				NEW_SETTING = "";
				ONLY_ACTIVE_ARCH = YES;
				SDKROOT = macosx;
			};
			name = Debug;
		};
		2BFCCF4624DC3BAD00702712 /* Release */ = {
			isa = XCBuildConfiguration;
			buildSettings = {
				ALWAYS_SEARCH_USER_PATHS = NO;
				CLANG_ANALYZER_NONNULL = YES;
				CLANG_ANALYZER_NUMBER_OBJECT_CONVERSION = YES_AGGRESSIVE;
				CLANG_CXX_LANGUAGE_STANDARD = "gnu++14";
				CLANG_CXX_LIBRARY = "libc++";
				CLANG_ENABLE_MODULES = YES;
				CLANG_ENABLE_OBJC_ARC = YES;
				CLANG_ENABLE_OBJC_WEAK = YES;
				CLANG_WARN_BLOCK_CAPTURE_AUTORELEASING = YES;
				CLANG_WARN_BOOL_CONVERSION = YES;
				CLANG_WARN_COMMA = YES;
				CLANG_WARN_CONSTANT_CONVERSION = YES;
				CLANG_WARN_DEPRECATED_OBJC_IMPLEMENTATIONS = YES;
				CLANG_WARN_DIRECT_OBJC_ISA_USAGE = YES_ERROR;
				CLANG_WARN_DOCUMENTATION_COMMENTS = YES;
				CLANG_WARN_EMPTY_BODY = YES;
				CLANG_WARN_ENUM_CONVERSION = YES;
				CLANG_WARN_INFINITE_RECURSION = YES;
				CLANG_WARN_INT_CONVERSION = YES;
				CLANG_WARN_NON_LITERAL_NULL_CONVERSION = YES;
				CLANG_WARN_OBJC_IMPLICIT_RETAIN_SELF = YES;
				CLANG_WARN_OBJC_LITERAL_CONVERSION = YES;
				CLANG_WARN_OBJC_ROOT_CLASS = YES_ERROR;
				CLANG_WARN_RANGE_LOOP_ANALYSIS = YES;
				CLANG_WARN_STRICT_PROTOTYPES = YES;
				CLANG_WARN_SUSPICIOUS_MOVE = YES;
				CLANG_WARN_UNGUARDED_AVAILABILITY = YES_AGGRESSIVE;
				CLANG_WARN_UNREACHABLE_CODE = YES;
				CLANG_WARN__DUPLICATE_METHOD_MATCH = YES;
				COPY_PHASE_STRIP = NO;
				DEBUG_INFORMATION_FORMAT = "dwarf-with-dsym";
				ENABLE_NS_ASSERTIONS = NO;
				ENABLE_STRICT_OBJC_MSGSEND = YES;
				GCC_C_LANGUAGE_STANDARD = gnu11;
				GCC_NO_COMMON_BLOCKS = YES;
				GCC_WARN_64_TO_32_BIT_CONVERSION = YES;
				GCC_WARN_ABOUT_RETURN_TYPE = YES_ERROR;
				GCC_WARN_UNDECLARED_SELECTOR = YES;
				GCC_WARN_UNINITIALIZED_AUTOS = YES_AGGRESSIVE;
				GCC_WARN_UNUSED_FUNCTION = YES;
				GCC_WARN_UNUSED_VARIABLE = YES;
				"HEADER_SEARCH_PATHS[arch=*]" = (
					/usr/local/Cellar/glfw/3.3.2/include,
					/usr/local/Cellar/glew/2.1.0_1/include,
				);
				"LIBRARY_SEARCH_PATHS[arch=*]" = (
					/usr/local/Cellar/glfw/3.3.2/lib,
					/usr/local/Cellar/glew/2.1.0_1/lib,
				);
				MACOSX_DEPLOYMENT_TARGET = 10.15;
				MTL_ENABLE_DEBUG_INFO = NO;
				MTL_FAST_MATH = YES;
				NEW_SETTING = "";
				SDKROOT = macosx;
			};
			name = Release;
		};
		2BFCCF4824DC3BAD00702712 /* Debug */ = {
			isa = XCBuildConfiguration;
			buildSettings = {
				CODE_SIGN_STYLE = Automatic;
				DEVELOPMENT_TEAM = 9VC7466UKF;
				ENABLE_HARDENED_RUNTIME = YES;
				"HEADER_SEARCH_PATHS[arch=*]" = (
					/usr/local/Cellar/glew/2.1.0_1/include,
					/usr/local/Cellar/glfw/3.3.2/include,
				);
				LIBRARY_SEARCH_PATHS = (
					"$(inherited)",
					/usr/local/Cellar/glew/2.1.0_1/lib,
					/usr/local/Cellar/glfw/3.3.2/lib,
				);
				"LIBRARY_SEARCH_PATHS[arch=*]" = (
					/usr/local/Cellar/glew/2.1.0_1/lib,
					/usr/local/Cellar/glfw/3.3.2/lib,
				);
				PRODUCT_NAME = "$(TARGET_NAME)";
			};
			name = Debug;
		};
		2BFCCF4924DC3BAD00702712 /* Release */ = {
			isa = XCBuildConfiguration;
			buildSettings = {
				CODE_SIGN_STYLE = Automatic;
				DEVELOPMENT_TEAM = 9VC7466UKF;
				ENABLE_HARDENED_RUNTIME = YES;
				"HEADER_SEARCH_PATHS[arch=*]" = (
					/usr/local/Cellar/glew/2.1.0_1/include,
					/usr/local/Cellar/glfw/3.3.2/include,
				);
				LIBRARY_SEARCH_PATHS = (
					"$(inherited)",
					/usr/local/Cellar/glew/2.1.0_1/lib,
					/usr/local/Cellar/glfw/3.3.2/lib,
				);
				"LIBRARY_SEARCH_PATHS[arch=*]" = (
					/usr/local/Cellar/glew/2.1.0_1/lib,
					/usr/local/Cellar/glfw/3.3.2/lib,
				);
				PRODUCT_NAME = "$(TARGET_NAME)";
			};
			name = Release;
		};
/* End XCBuildConfiguration section */

/* Begin XCConfigurationList section */
		2BFCCF3B24DC3BAD00702712 /* Build configuration list for PBXProject "SoftRender" */ = {
			isa = XCConfigurationList;
			buildConfigurations = (
				2BFCCF4524DC3BAD00702712 /* Debug */,
				2BFCCF4624DC3BAD00702712 /* Release */,
			);
			defaultConfigurationIsVisible = 0;
			defaultConfigurationName = Release;
		};
		2BFCCF4724DC3BAD00702712 /* Build configuration list for PBXNativeTarget "SoftRender" */ = {
			isa = XCConfigurationList;
			buildConfigurations = (
				2BFCCF4824DC3BAD00702712 /* Debug */,
				2BFCCF4924DC3BAD00702712 /* Release */,
			);
			defaultConfigurationIsVisible = 0;
			defaultConfigurationName = Release;
		};
/* End XCConfigurationList section */
	};
	rootObject = 2BFCCF3824DC3BAD00702712 /* Project object */;
}
